
Microsoft Visual Studio Solution File, Format Version 12.00
# Visual Studio Version 17
VisualStudioVersion = 17.0.31903.59
MinimumVisualStudioVersion = 10.0.40219.1
Project("{FAE04EC0-301F-11D3-BF4B-00C04F79EFBC}") = "WeatherAppCS", "WeatherAppCS\WeatherAppCS.csproj", "{08695A5C-2A74-4C88-BE30-AFB79BEAF98E}"
EndProject
Global
	GlobalSection(SolutionConfigurationPlatforms) = preSolution
		Debug|Any CPU = Debug|Any CPU
		Release|Any CPU = Release|Any CPU
	EndGlobalSection
	GlobalSection(SolutionProperties) = preSolution
		HideSolutionNode = FALSE
	EndGlobalSection
	GlobalSection(ProjectConfigurationPlatforms) = postSolution
		{08695A5C-2A74-4C88-BE30-AFB79BEAF98E}.Debug|Any CPU.ActiveCfg = Debug|Any CPU
		{08695A5C-2A74-4C88-BE30-AFB79BEAF98E}.Debug|Any CPU.Build.0 = Debug|Any CPU
		{08695A5C-2A74-4C88-BE30-AFB79BEAF98E}.Release|Any CPU.ActiveCfg = Release|Any CPU
		{08695A5C-2A74-4C88-BE30-AFB79BEAF98E}.Release|Any CPU.Build.0 = Release|Any CPU
	EndGlobalSection
EndGlobal
